
Microsoft Visual Studio Solution File, Format Version 12.00
# Visual Studio Version 17
VisualStudioVersion = 17.0.31903.59
MinimumVisualStudioVersion = 10.0.40219.1
Project("{2150E333-8FDC-42A3-9474-1A3956D46DE8}") = "src", "src", "{827E0CD3-B72D-47B6-A68D-7590B98EB39B}"
EndProject
Project("{FAE04EC0-301F-11D3-BF4B-00C04F79EFBC}") = "Italbytz.AI.Abstractions", "src\Italbytz.AI.Abstractions\Italbytz.AI.Abstractions.csproj", "{9BD29A65-B8FF-4E57-86EB-23A086389EC7}"
EndProject
Project("{FAE04EC0-301F-11D3-BF4B-00C04F79EFBC}") = "Italbytz.AI", "src\Italbytz.AI\Italbytz.AI.csproj", "{7456BADB-4C2F-44B5-A888-AA2E680B1475}"
EndProject
Project("{2150E333-8FDC-42A3-9474-1A3956D46DE8}") = "tests", "tests", "{0AB3BF05-4346-4AA6-1389-037BE0695223}"
EndProject
Project("{FAE04EC0-301F-11D3-BF4B-00C04F79EFBC}") = "Italbytz.AI.Tests", "tests\Italbytz.AI.Tests\Italbytz.AI.Tests.csproj", "{EB6F820D-4B87-421A-8926-BDF0DF252FE8}"
EndProject
Project("{FAE04EC0-301F-11D3-BF4B-00C04F79EFBC}") = "Italbytz.AI.Agent.Abstractions", "src\Italbytz.AI.Agent.Abstractions\Italbytz.AI.Agent.Abstractions.csproj", "{7E689025-6C81-45DA-AE45-7EF3E07DC571}"
EndProject
Project("{FAE04EC0-301F-11D3-BF4B-00C04F79EFBC}") = "Italbytz.AI.Agent", "src\Italbytz.AI.Agent\Italbytz.AI.Agent.csproj", "{E6AB2C1F-A19B-436B-93B5-171D981362E2}"
EndProject
Project("{FAE04EC0-301F-11D3-BF4B-00C04F79EFBC}") = "Italbytz.AI.Search.Abstractions", "src\Italbytz.AI.Search.Abstractions\Italbytz.AI.Search.Abstractions.csproj", "{7B937C9F-5851-4C25-BD53-D6A366DCF798}"
EndProject
Project("{FAE04EC0-301F-11D3-BF4B-00C04F79EFBC}") = "Italbytz.AI.Search", "src\Italbytz.AI.Search\Italbytz.AI.Search.csproj", "{64C96AB2-AFC8-4BC7-983C-E38A3280ACA5}"
EndProject
Global
	GlobalSection(SolutionConfigurationPlatforms) = preSolution
		Debug|Any CPU = Debug|Any CPU
		Debug|x64 = Debug|x64
		Debug|x86 = Debug|x86
		Release|Any CPU = Release|Any CPU
		Release|x64 = Release|x64
		Release|x86 = Release|x86
	EndGlobalSection
	GlobalSection(ProjectConfigurationPlatforms) = postSolution
		{9BD29A65-B8FF-4E57-86EB-23A086389EC7}.Debug|Any CPU.ActiveCfg = Debug|Any CPU
		{9BD29A65-B8FF-4E57-86EB-23A086389EC7}.Debug|Any CPU.Build.0 = Debug|Any CPU
		{9BD29A65-B8FF-4E57-86EB-23A086389EC7}.Debug|x64.ActiveCfg = Debug|Any CPU
		{9BD29A65-B8FF-4E57-86EB-23A086389EC7}.Debug|x64.Build.0 = Debug|Any CPU
		{9BD29A65-B8FF-4E57-86EB-23A086389EC7}.Debug|x86.ActiveCfg = Debug|Any CPU
		{9BD29A65-B8FF-4E57-86EB-23A086389EC7}.Debug|x86.Build.0 = Debug|Any CPU
		{9BD29A65-B8FF-4E57-86EB-23A086389EC7}.Release|Any CPU.ActiveCfg = Release|Any CPU
		{9BD29A65-B8FF-4E57-86EB-23A086389EC7}.Release|Any CPU.Build.0 = Release|Any CPU
		{9BD29A65-B8FF-4E57-86EB-23A086389EC7}.Release|x64.ActiveCfg = Release|Any CPU
		{9BD29A65-B8FF-4E57-86EB-23A086389EC7}.Release|x64.Build.0 = Release|Any CPU
		{9BD29A65-B8FF-4E57-86EB-23A086389EC7}.Release|x86.ActiveCfg = Release|Any CPU
		{9BD29A65-B8FF-4E57-86EB-23A086389EC7}.Release|x86.Build.0 = Release|Any CPU
		{7456BADB-4C2F-44B5-A888-AA2E680B1475}.Debug|Any CPU.ActiveCfg = Debug|Any CPU
		{7456BADB-4C2F-44B5-A888-AA2E680B1475}.Debug|Any CPU.Build.0 = Debug|Any CPU
		{7456BADB-4C2F-44B5-A888-AA2E680B1475}.Debug|x64.ActiveCfg = Debug|Any CPU
		{7456BADB-4C2F-44B5-A888-AA2E680B1475}.Debug|x64.Build.0 = Debug|Any CPU
		{7456BADB-4C2F-44B5-A888-AA2E680B1475}.Debug|x86.ActiveCfg = Debug|Any CPU
		{7456BADB-4C2F-44B5-A888-AA2E680B1475}.Debug|x86.Build.0 = Debug|Any CPU
		{7456BADB-4C2F-44B5-A888-AA2E680B1475}.Release|Any CPU.ActiveCfg = Release|Any CPU
		{7456BADB-4C2F-44B5-A888-AA2E680B1475}.Release|Any CPU.Build.0 = Release|Any CPU
		{7456BADB-4C2F-44B5-A888-AA2E680B1475}.Release|x64.ActiveCfg = Release|Any CPU
		{7456BADB-4C2F-44B5-A888-AA2E680B1475}.Release|x64.Build.0 = Release|Any CPU
		{7456BADB-4C2F-44B5-A888-AA2E680B1475}.Release|x86.ActiveCfg = Release|Any CPU
		{7456BADB-4C2F-44B5-A888-AA2E680B1475}.Release|x86.Build.0 = Release|Any CPU
		{EB6F820D-4B87-421A-8926-BDF0DF252FE8}.Debug|Any CPU.ActiveCfg = Debug|Any CPU
		{EB6F820D-4B87-421A-8926-BDF0DF252FE8}.Debug|Any CPU.Build.0 = Debug|Any CPU
		{EB6F820D-4B87-421A-8926-BDF0DF252FE8}.Debug|x64.ActiveCfg = Debug|Any CPU
		{EB6F820D-4B87-421A-8926-BDF0DF252FE8}.Debug|x64.Build.0 = Debug|Any CPU
		{EB6F820D-4B87-421A-8926-BDF0DF252FE8}.Debug|x86.ActiveCfg = Debug|Any CPU
		{EB6F820D-4B87-421A-8926-BDF0DF252FE8}.Debug|x86.Build.0 = Debug|Any CPU
		{EB6F820D-4B87-421A-8926-BDF0DF252FE8}.Release|Any CPU.ActiveCfg = Release|Any CPU
		{EB6F820D-4B87-421A-8926-BDF0DF252FE8}.Release|Any CPU.Build.0 = Release|Any CPU
		{EB6F820D-4B87-421A-8926-BDF0DF252FE8}.Release|x64.ActiveCfg = Release|Any CPU
		{EB6F820D-4B87-421A-8926-BDF0DF252FE8}.Release|x64.Build.0 = Release|Any CPU
		{EB6F820D-4B87-421A-8926-BDF0DF252FE8}.Release|x86.ActiveCfg = Release|Any CPU
		{EB6F820D-4B87-421A-8926-BDF0DF252FE8}.Release|x86.Build.0 = Release|Any CPU
		{7E689025-6C81-45DA-AE45-7EF3E07DC571}.Debug|Any CPU.ActiveCfg = Debug|Any CPU
		{7E689025-6C81-45DA-AE45-7EF3E07DC571}.Debug|Any CPU.Build.0 = Debug|Any CPU
		{7E689025-6C81-45DA-AE45-7EF3E07DC571}.Debug|x64.ActiveCfg = Debug|Any CPU
		{7E689025-6C81-45DA-AE45-7EF3E07DC571}.Debug|x64.Build.0 = Debug|Any CPU
		{7E689025-6C81-45DA-AE45-7EF3E07DC571}.Debug|x86.ActiveCfg = Debug|Any CPU
		{7E689025-6C81-45DA-AE45-7EF3E07DC571}.Debug|x86.Build.0 = Debug|Any CPU
		{7E689025-6C81-45DA-AE45-7EF3E07DC571}.Release|Any CPU.ActiveCfg = Release|Any CPU
		{7E689025-6C81-45DA-AE45-7EF3E07DC571}.Release|Any CPU.Build.0 = Release|Any CPU
		{7E689025-6C81-45DA-AE45-7EF3E07DC571}.Release|x64.ActiveCfg = Release|Any CPU
		{7E689025-6C81-45DA-AE45-7EF3E07DC571}.Release|x64.Build.0 = Release|Any CPU
		{7E689025-6C81-45DA-AE45-7EF3E07DC571}.Release|x86.ActiveCfg = Release|Any CPU
		{7E689025-6C81-45DA-AE45-7EF3E07DC571}.Release|x86.Build.0 = Release|Any CPU
		{E6AB2C1F-A19B-436B-93B5-171D981362E2}.Debug|Any CPU.ActiveCfg = Debug|Any CPU
		{E6AB2C1F-A19B-436B-93B5-171D981362E2}.Debug|Any CPU.Build.0 = Debug|Any CPU
		{E6AB2C1F-A19B-436B-93B5-171D981362E2}.Debug|x64.ActiveCfg = Debug|Any CPU
		{E6AB2C1F-A19B-436B-93B5-171D981362E2}.Debug|x64.Build.0 = Debug|Any CPU
		{E6AB2C1F-A19B-436B-93B5-171D981362E2}.Debug|x86.ActiveCfg = Debug|Any CPU
		{E6AB2C1F-A19B-436B-93B5-171D981362E2}.Debug|x86.Build.0 = Debug|Any CPU
		{E6AB2C1F-A19B-436B-93B5-171D981362E2}.Release|Any CPU.ActiveCfg = Release|Any CPU
		{E6AB2C1F-A19B-436B-93B5-171D981362E2}.Release|Any CPU.Build.0 = Release|Any CPU
		{E6AB2C1F-A19B-436B-93B5-171D981362E2}.Release|x64.ActiveCfg = Release|Any CPU
		{E6AB2C1F-A19B-436B-93B5-171D981362E2}.Release|x64.Build.0 = Release|Any CPU
		{E6AB2C1F-A19B-436B-93B5-171D981362E2}.Release|x86.ActiveCfg = Release|Any CPU
		{E6AB2C1F-A19B-436B-93B5-171D981362E2}.Release|x86.Build.0 = Release|Any CPU
		{7B937C9F-5851-4C25-BD53-D6A366DCF798}.Debug|Any CPU.ActiveCfg = Debug|Any CPU
		{7B937C9F-5851-4C25-BD53-D6A366DCF798}.Debug|Any CPU.Build.0 = Debug|Any CPU
		{7B937C9F-5851-4C25-BD53-D6A366DCF798}.Debug|x64.ActiveCfg = Debug|Any CPU
		{7B937C9F-5851-4C25-BD53-D6A366DCF798}.Debug|x64.Build.0 = Debug|Any CPU
		{7B937C9F-5851-4C25-BD53-D6A366DCF798}.Debug|x86.ActiveCfg = Debug|Any CPU
		{7B937C9F-5851-4C25-BD53-D6A366DCF798}.Debug|x86.Build.0 = Debug|Any CPU
		{7B937C9F-5851-4C25-BD53-D6A366DCF798}.Release|Any CPU.ActiveCfg = Release|Any CPU
		{7B937C9F-5851-4C25-BD53-D6A366DCF798}.Release|Any CPU.Build.0 = Release|Any CPU
		{7B937C9F-5851-4C25-BD53-D6A366DCF798}.Release|x64.ActiveCfg = Release|Any CPU
		{7B937C9F-5851-4C25-BD53-D6A366DCF798}.Release|x64.Build.0 = Release|Any CPU
		{7B937C9F-5851-4C25-BD53-D6A366DCF798}.Release|x86.ActiveCfg = Release|Any CPU
		{7B937C9F-5851-4C25-BD53-D6A366DCF798}.Release|x86.Build.0 = Release|Any CPU
		{64C96AB2-AFC8-4BC7-983C-E38A3280ACA5}.Debug|Any CPU.ActiveCfg = Debug|Any CPU
		{64C96AB2-AFC8-4BC7-983C-E38A3280ACA5}.Debug|Any CPU.Build.0 = Debug|Any CPU
		{64C96AB2-AFC8-4BC7-983C-E38A3280ACA5}.Debug|x64.ActiveCfg = Debug|Any CPU
		{64C96AB2-AFC8-4BC7-983C-E38A3280ACA5}.Debug|x64.Build.0 = Debug|Any CPU
		{64C96AB2-AFC8-4BC7-983C-E38A3280ACA5}.Debug|x86.ActiveCfg = Debug|Any CPU
		{64C96AB2-AFC8-4BC7-983C-E38A3280ACA5}.Debug|x86.Build.0 = Debug|Any CPU
		{64C96AB2-AFC8-4BC7-983C-E38A3280ACA5}.Release|Any CPU.ActiveCfg = Release|Any CPU
		{64C96AB2-AFC8-4BC7-983C-E38A3280ACA5}.Release|Any CPU.Build.0 = Release|Any CPU
		{64C96AB2-AFC8-4BC7-983C-E38A3280ACA5}.Release|x64.ActiveCfg = Release|Any CPU
		{64C96AB2-AFC8-4BC7-983C-E38A3280ACA5}.Release|x64.Build.0 = Release|Any CPU
		{64C96AB2-AFC8-4BC7-983C-E38A3280ACA5}.Release|x86.ActiveCfg = Release|Any CPU
		{64C96AB2-AFC8-4BC7-983C-E38A3280ACA5}.Release|x86.Build.0 = Release|Any CPU
	EndGlobalSection
	GlobalSection(SolutionProperties) = preSolution
		HideSolutionNode = FALSE
	EndGlobalSection
	GlobalSection(NestedProjects) = preSolution
		{9BD29A65-B8FF-4E57-86EB-23A086389EC7} = {827E0CD3-B72D-47B6-A68D-7590B98EB39B}
		{7456BADB-4C2F-44B5-A888-AA2E680B1475} = {827E0CD3-B72D-47B6-A68D-7590B98EB39B}
		{EB6F820D-4B87-421A-8926-BDF0DF252FE8} = {0AB3BF05-4346-4AA6-1389-037BE0695223}
		{7E689025-6C81-45DA-AE45-7EF3E07DC571} = {827E0CD3-B72D-47B6-A68D-7590B98EB39B}
		{E6AB2C1F-A19B-436B-93B5-171D981362E2} = {827E0CD3-B72D-47B6-A68D-7590B98EB39B}
		{7B937C9F-5851-4C25-BD53-D6A366DCF798} = {827E0CD3-B72D-47B6-A68D-7590B98EB39B}
		{64C96AB2-AFC8-4BC7-983C-E38A3280ACA5} = {827E0CD3-B72D-47B6-A68D-7590B98EB39B}
	EndGlobalSection
EndGlobal
